
Microsoft Visual Studio Solution File, Format Version 12.00
# Visual Studio Version 16
VisualStudioVersion = 16.0.31729.503
MinimumVisualStudioVersion = 10.0.40219.1
Project("{FAE04EC0-301F-11D3-BF4B-00C04F79EFBC}") = "LearningAuth", "LearningAuth\LearningAuth.csproj", "{F6348F0A-7054-4FB8-A033-48F3B4F1ABA3}"
EndProject
Project("{FAE04EC0-301F-11D3-BF4B-00C04F79EFBC}") = "Models", "Models\Models.csproj", "{3E18E0DC-6209-4526-A0D0-371A66AB16D5}"
EndProject
Project("{FAE04EC0-301F-11D3-BF4B-00C04F79EFBC}") = "Data", "Data\Data.csproj", "{3D1BF8FB-C47D-4EF0-A782-F2BFD4E75FA1}"
EndProject
Global
	GlobalSection(SolutionConfigurationPlatforms) = preSolution
		Debug|Any CPU = Debug|Any CPU
		Release|Any CPU = Release|Any CPU
	EndGlobalSection
	GlobalSection(ProjectConfigurationPlatforms) = postSolution
		{F6348F0A-7054-4FB8-A033-48F3B4F1ABA3}.Debug|Any CPU.ActiveCfg = Debug|Any CPU
		{F6348F0A-7054-4FB8-A033-48F3B4F1ABA3}.Debug|Any CPU.Build.0 = Debug|Any CPU
		{F6348F0A-7054-4FB8-A033-48F3B4F1ABA3}.Release|Any CPU.ActiveCfg = Release|Any CPU
		{F6348F0A-7054-4FB8-A033-48F3B4F1ABA3}.Release|Any CPU.Build.0 = Release|Any CPU
		{3E18E0DC-6209-4526-A0D0-371A66AB16D5}.Debug|Any CPU.ActiveCfg = Debug|Any CPU
		{3E18E0DC-6209-4526-A0D0-371A66AB16D5}.Debug|Any CPU.Build.0 = Debug|Any CPU
		{3E18E0DC-6209-4526-A0D0-371A66AB16D5}.Release|Any CPU.ActiveCfg = Release|Any CPU
		{3E18E0DC-6209-4526-A0D0-371A66AB16D5}.Release|Any CPU.Build.0 = Release|Any CPU
		{3D1BF8FB-C47D-4EF0-A782-F2BFD4E75FA1}.Debug|Any CPU.ActiveCfg = Debug|Any CPU
		{3D1BF8FB-C47D-4EF0-A782-F2BFD4E75FA1}.Debug|Any CPU.Build.0 = Debug|Any CPU
		{3D1BF8FB-C47D-4EF0-A782-F2BFD4E75FA1}.Release|Any CPU.ActiveCfg = Release|Any CPU
		{3D1BF8FB-C47D-4EF0-A782-F2BFD4E75FA1}.Release|Any CPU.Build.0 = Release|Any CPU
	EndGlobalSection
	GlobalSection(SolutionProperties) = preSolution
		HideSolutionNode = FALSE
	EndGlobalSection
	GlobalSection(ExtensibilityGlobals) = postSolution
		SolutionGuid = {F91F06DA-FB0D-4AA4-87F3-6CF6FD5D7808}
	EndGlobalSection
EndGlobal
